
Microsoft Visual Studio Solution File, Format Version 12.00
# Visual Studio Version 17
VisualStudioVersion = 17.9.34728.123
MinimumVisualStudioVersion = 10.0.40219.1
Project("{FAE04EC0-301F-11D3-BF4B-00C04F79EFBC}") = "DoomPacker", "DoomPacker.csproj", "{9832A6D5-6559-440A-8B44-0B675C3A5175}"
EndProject
Global
	GlobalSection(SolutionConfigurationPlatforms) = preSolution
		Debug|Any CPU = Debug|Any CPU
		Release|Any CPU = Release|Any CPU
	EndGlobalSection
	GlobalSection(ProjectConfigurationPlatforms) = postSolution
		{9832A6D5-6559-440A-8B44-0B675C3A5175}.Debug|Any CPU.ActiveCfg = Debug|Any CPU
		{9832A6D5-6559-440A-8B44-0B675C3A5175}.Debug|Any CPU.Build.0 = Debug|Any CPU
		{9832A6D5-6559-440A-8B44-0B675C3A5175}.Release|Any CPU.ActiveCfg = Release|Any CPU
		{9832A6D5-6559-440A-8B44-0B675C3A5175}.Release|Any CPU.Build.0 = Release|Any CPU
	EndGlobalSection
	GlobalSection(SolutionProperties) = preSolution
		HideSolutionNode = FALSE
	EndGlobalSection
	GlobalSection(ExtensibilityGlobals) = postSolution
		SolutionGuid = {24250514-3A98-40BD-B1C8-5576B2D73F72}
	EndGlobalSection
EndGlobal
